{
  "name": "乾元",
  "lockfileVersion": 2,
  "requires": true,
  "packages": {
    "": {
      "dependencies": {
        "lunar-javascript": "^1.6.4"
      }
    },
    "node_modules/lunar-javascript": {
      "version": "1.6.4",
      "resolved": "https://registry.npmmirror.com/lunar-javascript/-/lunar-javascript-1.6.4.tgz",
      "integrity": "sha512-/HvLaWNqDtkNu0gb5gsTA7tWIm5IGvChPUsM6qDQRf7gZj7lfIxIlvnkb9MJi79xqiCe//6ve6341Nc1brCNXA=="
    }
  },
  "dependencies": {
    "lunar-javascript": {
      "version": "1.6.4",
      "resolved": "https://registry.npmmirror.com/lunar-javascript/-/lunar-javascript-1.6.4.tgz",
      "integrity": "sha512-/HvLaWNqDtkNu0gb5gsTA7tWIm5IGvChPUsM6qDQRf7gZj7lfIxIlvnkb9MJi79xqiCe//6ve6341Nc1brCNXA=="
    }
  }
}
